
Microsoft Visual Studio Solution File, Format Version 12.00
# Visual Studio Version 17
VisualStudioVersion = 17.7.34031.279
MinimumVisualStudioVersion = 10.0.40219.1
Project("{9A19103F-16F7-4668-BE54-9A1E7A4F7556}") = "VintriTest_JR", "VintriTest_JR\VintriTest_JR.csproj", "{97B38AA3-FEF7-40F4-B169-F5D0BF1FFD90}"
EndProject
Project("{FAE04EC0-301F-11D3-BF4B-00C04F79EFBC}") = "VintriTest_JR.Tests", "VintriTest_JR.Tests\VintriTest_JR.Tests.csproj", "{2133C7FA-AAAA-4077-B0C3-A6CF296E6E58}"
EndProject
Global
	GlobalSection(SolutionConfigurationPlatforms) = preSolution
		Debug|Any CPU = Debug|Any CPU
		Release|Any CPU = Release|Any CPU
	EndGlobalSection
	GlobalSection(ProjectConfigurationPlatforms) = postSolution
		{97B38AA3-FEF7-40F4-B169-F5D0BF1FFD90}.Debug|Any CPU.ActiveCfg = Debug|Any CPU
		{97B38AA3-FEF7-40F4-B169-F5D0BF1FFD90}.Debug|Any CPU.Build.0 = Debug|Any CPU
		{97B38AA3-FEF7-40F4-B169-F5D0BF1FFD90}.Release|Any CPU.ActiveCfg = Release|Any CPU
		{97B38AA3-FEF7-40F4-B169-F5D0BF1FFD90}.Release|Any CPU.Build.0 = Release|Any CPU
		{2133C7FA-AAAA-4077-B0C3-A6CF296E6E58}.Debug|Any CPU.ActiveCfg = Debug|Any CPU
		{2133C7FA-AAAA-4077-B0C3-A6CF296E6E58}.Debug|Any CPU.Build.0 = Debug|Any CPU
		{2133C7FA-AAAA-4077-B0C3-A6CF296E6E58}.Release|Any CPU.ActiveCfg = Release|Any CPU
		{2133C7FA-AAAA-4077-B0C3-A6CF296E6E58}.Release|Any CPU.Build.0 = Release|Any CPU
	EndGlobalSection
	GlobalSection(SolutionProperties) = preSolution
		HideSolutionNode = FALSE
	EndGlobalSection
	GlobalSection(ExtensibilityGlobals) = postSolution
		SolutionGuid = {FFB96EC7-185D-4DDC-8503-05850E7F9596}
	EndGlobalSection
EndGlobal
